
Microsoft Visual Studio Solution File, Format Version 12.00
# Visual Studio Version 16
VisualStudioVersion = 16.0.29318.209
MinimumVisualStudioVersion = 10.0.40219.1
Project("{FAE04EC0-301F-11D3-BF4B-00C04F79EFBC}") = "MovieDBApp", "MovieDBApp\MovieDBApp\MovieDBApp.csproj", "{FC48B709-668E-45F5-B588-CC5C86A402C2}"
EndProject
Project("{FAE04EC0-301F-11D3-BF4B-00C04F79EFBC}") = "MovieDBApp.Android", "MovieDBApp\MovieDBApp.Android\MovieDBApp.Android.csproj", "{A5810013-3913-458C-8655-65F2A314FF38}"
EndProject
Global
	GlobalSection(SolutionConfigurationPlatforms) = preSolution
		Debug|Any CPU = Debug|Any CPU
		Release|Any CPU = Release|Any CPU
	EndGlobalSection
	GlobalSection(ProjectConfigurationPlatforms) = postSolution
		{FC48B709-668E-45F5-B588-CC5C86A402C2}.Debug|Any CPU.ActiveCfg = Debug|Any CPU
		{FC48B709-668E-45F5-B588-CC5C86A402C2}.Debug|Any CPU.Build.0 = Debug|Any CPU
		{FC48B709-668E-45F5-B588-CC5C86A402C2}.Release|Any CPU.ActiveCfg = Release|Any CPU
		{FC48B709-668E-45F5-B588-CC5C86A402C2}.Release|Any CPU.Build.0 = Release|Any CPU
		{A5810013-3913-458C-8655-65F2A314FF38}.Debug|Any CPU.ActiveCfg = Debug|Any CPU
		{A5810013-3913-458C-8655-65F2A314FF38}.Debug|Any CPU.Build.0 = Debug|Any CPU
		{A5810013-3913-458C-8655-65F2A314FF38}.Debug|Any CPU.Deploy.0 = Debug|Any CPU
		{A5810013-3913-458C-8655-65F2A314FF38}.Release|Any CPU.ActiveCfg = Release|Any CPU
		{A5810013-3913-458C-8655-65F2A314FF38}.Release|Any CPU.Build.0 = Release|Any CPU
		{A5810013-3913-458C-8655-65F2A314FF38}.Release|Any CPU.Deploy.0 = Release|Any CPU
	EndGlobalSection
	GlobalSection(SolutionProperties) = preSolution
		HideSolutionNode = FALSE
	EndGlobalSection
	GlobalSection(ExtensibilityGlobals) = postSolution
		SolutionGuid = {7A946AF9-3289-440D-AB56-A836EA4DB3EE}
	EndGlobalSection
EndGlobal
